
Microsoft Visual Studio Solution File, Format Version 12.00
# Visual Studio 15
VisualStudioVersion = 15.0.28307.779
MinimumVisualStudioVersion = 10.0.40219.1
Project("{FAE04EC0-301F-11D3-BF4B-00C04F79EFBC}") = "ObjectOverrides", "ObjectOverrides\ObjectOverrides.csproj", "{F321785E-5066-4E75-B159-3393B88F80A8}"
EndProject
Global
	GlobalSection(SolutionConfigurationPlatforms) = preSolution
		Debug|Any CPU = Debug|Any CPU
		Release|Any CPU = Release|Any CPU
	EndGlobalSection
	GlobalSection(ProjectConfigurationPlatforms) = postSolution
		{F321785E-5066-4E75-B159-3393B88F80A8}.Debug|Any CPU.ActiveCfg = Debug|Any CPU
		{F321785E-5066-4E75-B159-3393B88F80A8}.Debug|Any CPU.Build.0 = Debug|Any CPU
		{F321785E-5066-4E75-B159-3393B88F80A8}.Release|Any CPU.ActiveCfg = Release|Any CPU
		{F321785E-5066-4E75-B159-3393B88F80A8}.Release|Any CPU.Build.0 = Release|Any CPU
	EndGlobalSection
	GlobalSection(SolutionProperties) = preSolution
		HideSolutionNode = FALSE
	EndGlobalSection
	GlobalSection(ExtensibilityGlobals) = postSolution
		SolutionGuid = {6F1C136A-EB91-46D1-B672-E26A4478C9DF}
	EndGlobalSection
EndGlobal
